
Microsoft Visual Studio Solution File, Format Version 12.00
# Visual Studio Version 17
VisualStudioVersion = 17.14.36127.28
MinimumVisualStudioVersion = 10.0.40219.1
Project("{FAE04EC0-301F-11D3-BF4B-00C04F79EFBC}") = "Core", "Core\Core.csproj", "{27692CCF-9B43-4726-B054-1BBA5F8E02BA}"
EndProject
Project("{FAE04EC0-301F-11D3-BF4B-00C04F79EFBC}") = "Models", "Models\Models.csproj", "{FAD334DF-4450-4986-9BC8-467E1880E0A4}"
EndProject
Project("{2150E333-8FDC-42A3-9474-1A3956D46DE8}") = "tests", "tests", "{4C965AD5-22D9-4EBD-BF5B-325F2A76235D}"
EndProject
Project("{FAE04EC0-301F-11D3-BF4B-00C04F79EFBC}") = "Core.Tests", "Core.Tests\Core.Tests.csproj", "{7D7B7374-8459-4D48-A861-B7357D29CBCC}"
EndProject
Project("{FAE04EC0-301F-11D3-BF4B-00C04F79EFBC}") = "Cli", "Cli\Cli.csproj", "{6112DC60-63D1-4664-9AB4-62EC412AB346}"
EndProject
Global
	GlobalSection(SolutionConfigurationPlatforms) = preSolution
		Debug|Any CPU = Debug|Any CPU
		Release|Any CPU = Release|Any CPU
	EndGlobalSection
	GlobalSection(ProjectConfigurationPlatforms) = postSolution
		{27692CCF-9B43-4726-B054-1BBA5F8E02BA}.Debug|Any CPU.ActiveCfg = Debug|Any CPU
		{27692CCF-9B43-4726-B054-1BBA5F8E02BA}.Debug|Any CPU.Build.0 = Debug|Any CPU
		{27692CCF-9B43-4726-B054-1BBA5F8E02BA}.Release|Any CPU.ActiveCfg = Release|Any CPU
		{27692CCF-9B43-4726-B054-1BBA5F8E02BA}.Release|Any CPU.Build.0 = Release|Any CPU
		{FAD334DF-4450-4986-9BC8-467E1880E0A4}.Debug|Any CPU.ActiveCfg = Debug|Any CPU
		{FAD334DF-4450-4986-9BC8-467E1880E0A4}.Debug|Any CPU.Build.0 = Debug|Any CPU
		{FAD334DF-4450-4986-9BC8-467E1880E0A4}.Release|Any CPU.ActiveCfg = Release|Any CPU
		{FAD334DF-4450-4986-9BC8-467E1880E0A4}.Release|Any CPU.Build.0 = Release|Any CPU
		{7D7B7374-8459-4D48-A861-B7357D29CBCC}.Debug|Any CPU.ActiveCfg = Debug|Any CPU
		{7D7B7374-8459-4D48-A861-B7357D29CBCC}.Debug|Any CPU.Build.0 = Debug|Any CPU
		{7D7B7374-8459-4D48-A861-B7357D29CBCC}.Release|Any CPU.ActiveCfg = Release|Any CPU
		{7D7B7374-8459-4D48-A861-B7357D29CBCC}.Release|Any CPU.Build.0 = Release|Any CPU
		{6112DC60-63D1-4664-9AB4-62EC412AB346}.Debug|Any CPU.ActiveCfg = Debug|Any CPU
		{6112DC60-63D1-4664-9AB4-62EC412AB346}.Debug|Any CPU.Build.0 = Debug|Any CPU
		{6112DC60-63D1-4664-9AB4-62EC412AB346}.Release|Any CPU.ActiveCfg = Release|Any CPU
		{6112DC60-63D1-4664-9AB4-62EC412AB346}.Release|Any CPU.Build.0 = Release|Any CPU
	EndGlobalSection
	GlobalSection(SolutionProperties) = preSolution
		HideSolutionNode = FALSE
	EndGlobalSection
	GlobalSection(ExtensibilityGlobals) = postSolution
		SolutionGuid = {7C43EF19-CBB2-4742-9A6E-34C4B75C728C}
	EndGlobalSection
	GlobalSection(NestedProjects) = preSolution
		{7D7B7374-8459-4D48-A861-B7357D29CBCC} = {4C965AD5-22D9-4EBD-BF5B-325F2A76235D}
	EndGlobalSection
EndGlobal
