
Microsoft Visual Studio Solution File, Format Version 12.00
# Visual Studio Version 17
VisualStudioVersion = 17.14.36127.28
MinimumVisualStudioVersion = 10.0.40219.1
Project("{FAE04EC0-301F-11D3-BF4B-00C04F79EFBC}") = "Core", "Core\Core.csproj", "{27692CCF-9B43-4726-B054-1BBA5F8E02BA}"
EndProject

Project("{FAE04EC0-301F-11D3-BF4B-00C04F79EFBC}") = "Cli", "Cli\Cli.csproj", "{6112DC60-63D1-4664-9AB4-62EC412AB346}"
EndProject
Project("{FAE04EC0-301F-11D3-BF4B-00C04F79EFBC}") = "Momo", "Momo\Momo.csproj", "{99CA00FC-13D6-4737-AD8A-E50D43C88148}"
EndProject
Project("{FAE04EC0-301F-11D3-BF4B-00C04F79EFBC}") = "Models", "Models\Models.csproj", "{4926E4E7-F558-4C59-8FEC-B9F06A1494AE}"
EndProject
Project("{2150E333-8FDC-42A3-9474-1A3956D46DE8}") = "tests", "tests", "{4C965AD5-22D9-4EBD-BF5B-325F2A76235D}"
EndProject
Project("{FAE04EC0-301F-11D3-BF4B-00C04F79EFBC}") = "Core.Tests", "tests\Core.Tests\Core.Tests.csproj", "{73066831-7757-41DE-9739-E3EF2D31C9D4}"
EndProject
Project("{FAE04EC0-301F-11D3-BF4B-00C04F79EFBC}") = "Momo.Tests", "tests\Momo.Tests\Momo.Tests.csproj", "{76BF30AA-5200-48A1-B158-02878DB2BC32}"
EndProject
Global
	GlobalSection(SolutionConfigurationPlatforms) = preSolution
		Debug|Any CPU = Debug|Any CPU
		Release|Any CPU = Release|Any CPU
	EndGlobalSection
	GlobalSection(ProjectConfigurationPlatforms) = postSolution
		{27692CCF-9B43-4726-B054-1BBA5F8E02BA}.Debug|Any CPU.ActiveCfg = Debug|Any CPU
		{27692CCF-9B43-4726-B054-1BBA5F8E02BA}.Debug|Any CPU.Build.0 = Debug|Any CPU
		{27692CCF-9B43-4726-B054-1BBA5F8E02BA}.Release|Any CPU.ActiveCfg = Release|Any CPU
		{27692CCF-9B43-4726-B054-1BBA5F8E02BA}.Release|Any CPU.Build.0 = Release|Any CPU
		{6112DC60-63D1-4664-9AB4-62EC412AB346}.Debug|Any CPU.ActiveCfg = Debug|Any CPU
		{6112DC60-63D1-4664-9AB4-62EC412AB346}.Debug|Any CPU.Build.0 = Debug|Any CPU
		{6112DC60-63D1-4664-9AB4-62EC412AB346}.Release|Any CPU.ActiveCfg = Release|Any CPU
		{6112DC60-63D1-4664-9AB4-62EC412AB346}.Release|Any CPU.Build.0 = Release|Any CPU
		{99CA00FC-13D6-4737-AD8A-E50D43C88148}.Debug|Any CPU.ActiveCfg = Debug|Any CPU
		{99CA00FC-13D6-4737-AD8A-E50D43C88148}.Debug|Any CPU.Build.0 = Debug|Any CPU
		{99CA00FC-13D6-4737-AD8A-E50D43C88148}.Release|Any CPU.ActiveCfg = Release|Any CPU
		{99CA00FC-13D6-4737-AD8A-E50D43C88148}.Release|Any CPU.Build.0 = Release|Any CPU
		{4926E4E7-F558-4C59-8FEC-B9F06A1494AE}.Debug|Any CPU.ActiveCfg = Debug|Any CPU
		{4926E4E7-F558-4C59-8FEC-B9F06A1494AE}.Debug|Any CPU.Build.0 = Debug|Any CPU
		{4926E4E7-F558-4C59-8FEC-B9F06A1494AE}.Release|Any CPU.ActiveCfg = Release|Any CPU
		{4926E4E7-F558-4C59-8FEC-B9F06A1494AE}.Release|Any CPU.Build.0 = Release|Any CPU
		{73066831-7757-41DE-9739-E3EF2D31C9D4}.Debug|Any CPU.ActiveCfg = Debug|Any CPU
		{73066831-7757-41DE-9739-E3EF2D31C9D4}.Debug|Any CPU.Build.0 = Debug|Any CPU
		{73066831-7757-41DE-9739-E3EF2D31C9D4}.Release|Any CPU.ActiveCfg = Release|Any CPU
		{73066831-7757-41DE-9739-E3EF2D31C9D4}.Release|Any CPU.Build.0 = Release|Any CPU
		{76BF30AA-5200-48A1-B158-02878DB2BC32}.Debug|Any CPU.ActiveCfg = Debug|Any CPU
		{76BF30AA-5200-48A1-B158-02878DB2BC32}.Debug|Any CPU.Build.0 = Debug|Any CPU
		{76BF30AA-5200-48A1-B158-02878DB2BC32}.Release|Any CPU.ActiveCfg = Release|Any CPU
		{76BF30AA-5200-48A1-B158-02878DB2BC32}.Release|Any CPU.Build.0 = Release|Any CPU
	EndGlobalSection
	GlobalSection(SolutionProperties) = preSolution
		HideSolutionNode = FALSE
	EndGlobalSection
	GlobalSection(ExtensibilityGlobals) = postSolution
		SolutionGuid = {7C43EF19-CBB2-4742-9A6E-34C4B75C728C}
	EndGlobalSection
	GlobalSection(NestedProjects) = preSolution
		{73066831-7757-41DE-9739-E3EF2D31C9D4} = {4C965AD5-22D9-4EBD-BF5B-325F2A76235D}
		{76BF30AA-5200-48A1-B158-02878DB2BC32} = {4C965AD5-22D9-4EBD-BF5B-325F2A76235D}
	EndGlobalSection
EndGlobal
